PODS:
  - FBSnapshotTestCase (2.1.4):
    - FBSnapshotTestCase/SwiftSupport (= 2.1.4)
  - FBSnapshotTestCase/Core (2.1.4)
  - FBSnapshotTestCase/SwiftSupport (2.1.4):
    - FBSnapshotTestCase/Core
  - pod_test1234 (1.0.0)

DEPENDENCIES:
  - FBSnapshotTestCase
  - pod_test1234 (from `../`)

SPEC REPOS:
  https://github.com/cocoapods/specs.git:
    - FBSnapshotTestCase

EXTERNAL SOURCES:
  pod_test1234:
    :path: "../"

SPEC CHECKSUMS:
  FBSnapshotTestCase: 094f9f314decbabe373b87cc339bea235a63e07a
  pod_test1234: 6030cffe6a8c17dc8378f4b5224eb345f7845257

PODFILE CHECKSUM: cf552b2f727f0db07867d1926ee185ffc20068c0

COCOAPODS: 1.7.5
